
Microsoft Visual Studio Solution File, Format Version 12.00
# Visual Studio Version 17
VisualStudioVersion = 17.5.33414.496
MinimumVisualStudioVersion = 10.0.40219.1
Project("{FAE04EC0-301F-11D3-BF4B-00C04F79EFBC}") = "SaxonHE11IKVMNet48SaxonCSSamplesAdapted", "SaxonHE11IKVMNet48SaxonCSSamplesAdapted.csproj", "{D4C080E2-252A-4296-817F-98646B2579EA}"
EndProject
Global
	GlobalSection(SolutionConfigurationPlatforms) = preSolution
		Debug|Any CPU = Debug|Any CPU
		Release|Any CPU = Release|Any CPU
	EndGlobalSection
	GlobalSection(ProjectConfigurationPlatforms) = postSolution
		{D4C080E2-252A-4296-817F-98646B2579EA}.Debug|Any CPU.ActiveCfg = Debug|Any CPU
		{D4C080E2-252A-4296-817F-98646B2579EA}.Debug|Any CPU.Build.0 = Debug|Any CPU
		{D4C080E2-252A-4296-817F-98646B2579EA}.Release|Any CPU.ActiveCfg = Release|Any CPU
		{D4C080E2-252A-4296-817F-98646B2579EA}.Release|Any CPU.Build.0 = Release|Any CPU
	EndGlobalSection
	GlobalSection(SolutionProperties) = preSolution
		HideSolutionNode = FALSE
	EndGlobalSection
	GlobalSection(ExtensibilityGlobals) = postSolution
		SolutionGuid = {F8076C90-B6D9-4169-BC36-933A0E1E1094}
	EndGlobalSection
EndGlobal
